
Microsoft Visual Studio Solution File, Format Version 12.00
# Visual Studio Version 17
VisualStudioVersion = 17.11.35327.3
MinimumVisualStudioVersion = 10.0.40219.1
Project("{FAE04EC0-301F-11D3-BF4B-00C04F79EFBC}") = "WFinicial", "WFinicial\WFinicial.csproj", "{72991A65-3C77-448C-9117-E2DBC3C502B8}"
EndProject
Project("{FAE04EC0-301F-11D3-BF4B-00C04F79EFBC}") = "CRevisãoAula", "CRevisãoAula\CRevisãoAula.csproj", "{76B7B24E-9E5A-4C13-9BC4-20849BD7DBBB}"
EndProject
Global
	GlobalSection(SolutionConfigurationPlatforms) = preSolution
		Debug|Any CPU = Debug|Any CPU
		Release|Any CPU = Release|Any CPU
	EndGlobalSection
	GlobalSection(ProjectConfigurationPlatforms) = postSolution
		{72991A65-3C77-448C-9117-E2DBC3C502B8}.Debug|Any CPU.ActiveCfg = Debug|Any CPU
		{72991A65-3C77-448C-9117-E2DBC3C502B8}.Debug|Any CPU.Build.0 = Debug|Any CPU
		{72991A65-3C77-448C-9117-E2DBC3C502B8}.Release|Any CPU.ActiveCfg = Release|Any CPU
		{72991A65-3C77-448C-9117-E2DBC3C502B8}.Release|Any CPU.Build.0 = Release|Any CPU
		{76B7B24E-9E5A-4C13-9BC4-20849BD7DBBB}.Debug|Any CPU.ActiveCfg = Debug|Any CPU
		{76B7B24E-9E5A-4C13-9BC4-20849BD7DBBB}.Debug|Any CPU.Build.0 = Debug|Any CPU
		{76B7B24E-9E5A-4C13-9BC4-20849BD7DBBB}.Release|Any CPU.ActiveCfg = Release|Any CPU
		{76B7B24E-9E5A-4C13-9BC4-20849BD7DBBB}.Release|Any CPU.Build.0 = Release|Any CPU
	EndGlobalSection
	GlobalSection(SolutionProperties) = preSolution
		HideSolutionNode = FALSE
	EndGlobalSection
	GlobalSection(ExtensibilityGlobals) = postSolution
		SolutionGuid = {E5ECC1F7-50B1-48C1-8852-AB952120599A}
	EndGlobalSection
EndGlobal
